<Solution>
  <Folder Name="/samples/">
    <Project Path="samples/Celeste.Gallery/Celeste.Gallery.csproj" />
  </Folder>
  <Folder Name="/src/">
    <Project Path="src/Celeste.Wpf/Celeste.Wpf.csproj" />
  </Folder>
  <Folder Name="/tests/">
    <Project Path="tests/Celeste.Wpf.Tests/Celeste.Wpf.Tests.csproj" />
  </Folder>
</Solution>
